// !$*UTF8*$!
{
	archiveVersion = 1;
	classes = {
	};
	objectVersion = 46;
	objects = {

/* Begin PBXBuildFile section */
		FE0280A51AF7D0C5003EB9F3 /* Tile.swift in Sources */ = {isa = PBXBuildFile; fileRef = FE0280A41AF7D0C5003EB9F3 /* Tile.swift */; };
		FE0280A71AF7D1EC003EB9F3 /* Extensions.swift in Sources */ = {isa = PBXBuildFile; fileRef = FE0280A61AF7D1EC003EB9F3 /* Extensions.swift */; };
		FE0280A91AF803F2003EB9F3 /* Swap.swift in Sources */ = {isa = PBXBuildFile; fileRef = FE0280A81AF803F2003EB9F3 /* Swap.swift */; };
		FE3AD72C1B0A6ED900F8650E /* AppDelegate.swift in Sources */ = {isa = PBXBuildFile; fileRef = FE3AD72B1B0A6ED900F8650E /* AppDelegate.swift */; };
		FE3AD72E1B0A6ED900F8650E /* GameScene.swift in Sources */ = {isa = PBXBuildFile; fileRef = FE3AD72D1B0A6ED900F8650E /* GameScene.swift */; };
		FE3AD7301B0A6ED900F8650E /* GameScene.sks in Resources */ = {isa = PBXBuildFile; fileRef = FE3AD72F1B0A6ED900F8650E /* GameScene.sks */; };
		FE3AD7321B0A6EDA00F8650E /* Images.xcassets in Resources */ = {isa = PBXBuildFile; fileRef = FE3AD7311B0A6EDA00F8650E /* Images.xcassets */; };
		FE3AD7351B0A6EDA00F8650E /* MainMenu.xib in Resources */ = {isa = PBXBuildFile; fileRef = FE3AD7331B0A6EDA00F8650E /* MainMenu.xib */; };
		FE3AD7411B0A6EDA00F8650E /* CookieCrunch_MacTests.swift in Sources */ = {isa = PBXBuildFile; fileRef = FE3AD7401B0A6EDA00F8650E /* CookieCrunch_MacTests.swift */; };
		FEA549A41AF3CBE100137A4B /* Images.xcassets in Resources */ = {isa = PBXBuildFile; fileRef = FEA549A31AF3CBE100137A4B /* Images.xcassets */; };
		FEA549A61AF3D09500137A4B /* Array2D.swift in Sources */ = {isa = PBXBuildFile; fileRef = FEA549A51AF3D09500137A4B /* Array2D.swift */; };
		FEA549A81AF3D44800137A4B /* Level.swift in Sources */ = {isa = PBXBuildFile; fileRef = FEA549A71AF3D44800137A4B /* Level.swift */; };
		FEEEC6CA1AFA5F7A00372229 /* Chain.swift in Sources */ = {isa = PBXBuildFile; fileRef = FEEEC6C91AFA5F7A00372229 /* Chain.swift */; };
		FEF381BD1AF2CB7C00782BB2 /* AppDelegate.swift in Sources */ = {isa = PBXBuildFile; fileRef = FEF381BC1AF2CB7C00782BB2 /* AppDelegate.swift */; };
		FEF381C11AF2CB7C00782BB2 /* GameScene.swift in Sources */ = {isa = PBXBuildFile; fileRef = FEF381C01AF2CB7C00782BB2 /* GameScene.swift */; };
		FEF381C31AF2CB7C00782BB2 /* GameViewController.swift in Sources */ = {isa = PBXBuildFile; fileRef = FEF381C21AF2CB7C00782BB2 /* GameViewController.swift */; };
		FEF381C61AF2CB7C00782BB2 /* Main.storyboard in Resources */ = {isa = PBXBuildFile; fileRef = FEF381C41AF2CB7C00782BB2 /* Main.storyboard */; };
		FEF381CB1AF2CB7C00782BB2 /* LaunchScreen.xib in Resources */ = {isa = PBXBuildFile; fileRef = FEF381C91AF2CB7C00782BB2 /* LaunchScreen.xib */; };
		FEF381D71AF2CB7C00782BB2 /* CookieCrunchTests.swift in Sources */ = {isa = PBXBuildFile; fileRef = FEF381D61AF2CB7C00782BB2 /* CookieCrunchTests.swift */; };
		FEF381F51AF2CC7600782BB2 /* Grid.atlas in Resources */ = {isa = PBXBuildFile; fileRef = FEF381E11AF2CC7600782BB2 /* Grid.atlas */; };
		FEF381FA1AF2CC7600782BB2 /* Level_0.json in Resources */ = {isa = PBXBuildFile; fileRef = FEF381E81AF2CC7600782BB2 /* Level_0.json */; };
		FEF381FB1AF2CC7600782BB2 /* Level_1.json in Resources */ = {isa = PBXBuildFile; fileRef = FEF381E91AF2CC7600782BB2 /* Level_1.json */; };
		FEF381FC1AF2CC7600782BB2 /* Level_2.json in Resources */ = {isa = PBXBuildFile; fileRef = FEF381EA1AF2CC7600782BB2 /* Level_2.json */; };
		FEF381FD1AF2CC7600782BB2 /* Level_3.json in Resources */ = {isa = PBXBuildFile; fileRef = FEF381EB1AF2CC7600782BB2 /* Level_3.json */; };
		FEF381FE1AF2CC7600782BB2 /* Level_4.json in Resources */ = {isa = PBXBuildFile; fileRef = FEF381EC1AF2CC7600782BB2 /* Level_4.json */; };
		FEF381FF1AF2CC7600782BB2 /* Chomp.wav in Resources */ = {isa = PBXBuildFile; fileRef = FEF381EE1AF2CC7600782BB2 /* Chomp.wav */; };
		FEF382001AF2CC7600782BB2 /* Drip.wav in Resources */ = {isa = PBXBuildFile; fileRef = FEF381EF1AF2CC7600782BB2 /* Drip.wav */; };
		FEF382011AF2CC7600782BB2 /* Error.wav in Resources */ = {isa = PBXBuildFile; fileRef = FEF381F01AF2CC7600782BB2 /* Error.wav */; };
		FEF382021AF2CC7600782BB2 /* Ka-Ching.wav in Resources */ = {isa = PBXBuildFile; fileRef = FEF381F11AF2CC7600782BB2 /* Ka-Ching.wav */; };
		FEF382031AF2CC7600782BB2 /* Mining by Moonlight.mp3 in Resources */ = {isa = PBXBuildFile; fileRef = FEF381F21AF2CC7600782BB2 /* Mining by Moonlight.mp3 */; };
		FEF382041AF2CC7600782BB2 /* Scrape.wav in Resources */ = {isa = PBXBuildFile; fileRef = FEF381F31AF2CC7600782BB2 /* Scrape.wav */; };
		FEF382051AF2CC7600782BB2 /* Sprites.atlas in Resources */ = {isa = PBXBuildFile; fileRef = FEF381F41AF2CC7600782BB2 /* Sprites.atlas */; };
		FEF382091AF2D12800782BB2 /* Cookie.swift in Sources */ = {isa = PBXBuildFile; fileRef = FEF382081AF2D12800782BB2 /* Cookie.swift */; };
/* End PBXBuildFile section */

/* Begin PBXContainerItemProxy section */
		FE3AD73B1B0A6EDA00F8650E /* PBXContainerItemProxy */ = {
			isa = PBXContainerItemProxy;
			containerPortal = FEF381AF1AF2CB7C00782BB2 /* Project object */;
			proxyType = 1;
			remoteGlobalIDString = FE3AD7261B0A6ED900F8650E;
			remoteInfo = "CookieCrunch Mac";
		};
		FEF381D11AF2CB7C00782BB2 /* PBXContainerItemProxy */ = {
			isa = PBXContainerItemProxy;
			containerPortal = FEF381AF1AF2CB7C00782BB2 /* Project object */;
			proxyType = 1;
			remoteGlobalIDString = FEF381B61AF2CB7C00782BB2;
			remoteInfo = CookieCrunch;
		};
/* End PBXContainerItemProxy section */

/* Begin PBXFileReference section */
		FE0280A41AF7D0C5003EB9F3 /* Tile.swift */ = {isa = PBXFileReference; fileEncoding = 4; lastKnownFileType = sourcecode.swift; path = Tile.swift; sourceTree = "<group>"; };
		FE0280A61AF7D1EC003EB9F3 /* Extensions.swift */ = {isa = PBXFileReference; fileEncoding = 4; lastKnownFileType = sourcecode.swift; path = Extensions.swift; sourceTree = "<group>"; };
		FE0280A81AF803F2003EB9F3 /* Swap.swift */ = {isa = PBXFileReference; fileEncoding = 4; lastKnownFileType = sourcecode.swift; path = Swap.swift; sourceTree = "<group>"; };
		FE3AD7271B0A6ED900F8650E /* CookieCrunch Mac.app */ = {isa = PBXFileReference; explicitFileType = wrapper.application; includeInIndex = 0; path = "CookieCrunch Mac.app"; sourceTree = BUILT_PRODUCTS_DIR; };
		FE3AD72A1B0A6ED900F8650E /* Info.plist */ = {isa = PBXFileReference; lastKnownFileType = text.plist.xml; path = Info.plist; sourceTree = "<group>"; };
		FE3AD72B1B0A6ED900F8650E /* AppDelegate.swift */ = {isa = PBXFileReference; lastKnownFileType = sourcecode.swift; path = AppDelegate.swift; sourceTree = "<group>"; };
		FE3AD72D1B0A6ED900F8650E /* GameScene.swift */ = {isa = PBXFileReference; lastKnownFileType = sourcecode.swift; path = GameScene.swift; sourceTree = "<group>"; };
		FE3AD72F1B0A6ED900F8650E /* GameScene.sks */ = {isa = PBXFileReference; lastKnownFileType = file.sks; path = GameScene.sks; sourceTree = "<group>"; };
		FE3AD7311B0A6EDA00F8650E /* Images.xcassets */ = {isa = PBXFileReference; lastKnownFileType = folder.assetcatalog; path = Images.xcassets; sourceTree = "<group>"; };
		FE3AD7341B0A6EDA00F8650E /* Base */ = {isa = PBXFileReference; lastKnownFileType = file.xib; name = Base; path = Base.lproj/MainMenu.xib; sourceTree = "<group>"; };
		FE3AD73A1B0A6EDA00F8650E /* CookieCrunch MacTests.xctest */ = {isa = PBXFileReference; explicitFileType = wrapper.cfbundle; includeInIndex = 0; path = "CookieCrunch MacTests.xctest"; sourceTree = BUILT_PRODUCTS_DIR; };
		FE3AD73F1B0A6EDA00F8650E /* Info.plist */ = {isa = PBXFileReference; lastKnownFileType = text.plist.xml; path = Info.plist; sourceTree = "<group>"; };
		FE3AD7401B0A6EDA00F8650E /* CookieCrunch_MacTests.swift */ = {isa = PBXFileReference; lastKnownFileType = sourcecode.swift; path = CookieCrunch_MacTests.swift; sourceTree = "<group>"; };
		FEA549A31AF3CBE100137A4B /* Images.xcassets */ = {isa = PBXFileReference; lastKnownFileType = folder.assetcatalog; path = Images.xcassets; sourceTree = "<group>"; };
		FEA549A51AF3D09500137A4B /* Array2D.swift */ = {isa = PBXFileReference; fileEncoding = 4; lastKnownFileType = sourcecode.swift; path = Array2D.swift; sourceTree = "<group>"; };
		FEA549A71AF3D44800137A4B /* Level.swift */ = {isa = PBXFileReference; fileEncoding = 4; lastKnownFileType = sourcecode.swift; path = Level.swift; sourceTree = "<group>"; };
		FEEEC6C91AFA5F7A00372229 /* Chain.swift */ = {isa = PBXFileReference; fileEncoding = 4; lastKnownFileType = sourcecode.swift; path = Chain.swift; sourceTree = "<group>"; };
		FEF381B71AF2CB7C00782BB2 /* CookieCrunch.app */ = {isa = PBXFileReference; explicitFileType = wrapper.application; includeInIndex = 0; path = CookieCrunch.app; sourceTree = BUILT_PRODUCTS_DIR; };
		FEF381BB1AF2CB7C00782BB2 /* Info.plist */ = {isa = PBXFileReference; lastKnownFileType = text.plist.xml; path = Info.plist; sourceTree = "<group>"; };
		FEF381BC1AF2CB7C00782BB2 /* AppDelegate.swift */ = {isa = PBXFileReference; lastKnownFileType = sourcecode.swift; path = AppDelegate.swift; sourceTree = "<group>"; };
		FEF381C01AF2CB7C00782BB2 /* GameScene.swift */ = {isa = PBXFileReference; lastKnownFileType = sourcecode.swift; path = GameScene.swift; sourceTree = "<group>"; };
		FEF381C21AF2CB7C00782BB2 /* GameViewController.swift */ = {isa = PBXFileReference; lastKnownFileType = sourcecode.swift; path = GameViewController.swift; sourceTree = "<group>"; };
		FEF381C51AF2CB7C00782BB2 /* Base */ = {isa = PBXFileReference; lastKnownFileType = file.storyboard; name = Base; path = Base.lproj/Main.storyboard; sourceTree = "<group>"; };
		FEF381CA1AF2CB7C00782BB2 /* Base */ = {isa = PBXFileReference; lastKnownFileType = file.xib; name = Base; path = Base.lproj/LaunchScreen.xib; sourceTree = "<group>"; };
		FEF381D01AF2CB7C00782BB2 /* CookieCrunchTests.xctest */ = {isa = PBXFileReference; explicitFileType = wrapper.cfbundle; includeInIndex = 0; path = CookieCrunchTests.xctest; sourceTree = BUILT_PRODUCTS_DIR; };
		FEF381D51AF2CB7C00782BB2 /* Info.plist */ = {isa = PBXFileReference; lastKnownFileType = text.plist.xml; path = Info.plist; sourceTree = "<group>"; };
		FEF381D61AF2CB7C00782BB2 /* CookieCrunchTests.swift */ = {isa = PBXFileReference; lastKnownFileType = sourcecode.swift; path = CookieCrunchTests.swift; sourceTree = "<group>"; };
		FEF381E11AF2CC7600782BB2 /* Grid.atlas */ = {isa = PBXFileReference; lastKnownFileType = folder.skatlas; path = Grid.atlas; sourceTree = "<group>"; };
		FEF381E81AF2CC7600782BB2 /* Level_0.json */ = {isa = PBXFileReference; fileEncoding = 4; lastKnownFileType = text.json; path = Level_0.json; sourceTree = "<group>"; };
		FEF381E91AF2CC7600782BB2 /* Level_1.json */ = {isa = PBXFileReference; fileEncoding = 4; lastKnownFileType = text.json; path = Level_1.json; sourceTree = "<group>"; };
		FEF381EA1AF2CC7600782BB2 /* Level_2.json */ = {isa = PBXFileReference; fileEncoding = 4; lastKnownFileType = text.json; path = Level_2.json; sourceTree = "<group>"; };
		FEF381EB1AF2CC7600782BB2 /* Level_3.json */ = {isa = PBXFileReference; fileEncoding = 4; lastKnownFileType = text.json; path = Level_3.json; sourceTree = "<group>"; };
		FEF381EC1AF2CC7600782BB2 /* Level_4.json */ = {isa = PBXFileReference; fileEncoding = 4; lastKnownFileType = text.json; path = Level_4.json; sourceTree = "<group>"; };
		FEF381EE1AF2CC7600782BB2 /* Chomp.wav */ = {isa = PBXFileReference; lastKnownFileType = audio.wav; path = Chomp.wav; sourceTree = "<group>"; };
		FEF381EF1AF2CC7600782BB2 /* Drip.wav */ = {isa = PBXFileReference; lastKnownFileType = audio.wav; path = Drip.wav; sourceTree = "<group>"; };
		FEF381F01AF2CC7600782BB2 /* Error.wav */ = {isa = PBXFileReference; lastKnownFileType = audio.wav; path = Error.wav; sourceTree = "<group>"; };
		FEF381F11AF2CC7600782BB2 /* Ka-Ching.wav */ = {isa = PBXFileReference; lastKnownFileType = audio.wav; path = "Ka-Ching.wav"; sourceTree = "<group>"; };
		FEF381F21AF2CC7600782BB2 /* Mining by Moonlight.mp3 */ = {isa = PBXFileReference; lastKnownFileType = audio.mp3; path = "Mining by Moonlight.mp3"; sourceTree = "<group>"; };
		FEF381F31AF2CC7600782BB2 /* Scrape.wav */ = {isa = PBXFileReference; lastKnownFileType = audio.wav; path = Scrape.wav; sourceTree = "<group>"; };
		FEF381F41AF2CC7600782BB2 /* Sprites.atlas */ = {isa = PBXFileReference; lastKnownFileType = folder.skatlas; path = Sprites.atlas; sourceTree = "<group>"; };
		FEF382081AF2D12800782BB2 /* Cookie.swift */ = {isa = PBXFileReference; fileEncoding = 4; lastKnownFileType = sourcecode.swift; path = Cookie.swift; sourceTree = "<group>"; };
		FEF3820A1AF2D36F00782BB2 /* README.md */ = {isa = PBXFileReference; fileEncoding = 4; lastKnownFileType = net.daringfireball.markdown; path = README.md; sourceTree = "<group>"; };
/* End PBXFileReference section */

/* Begin PBXFrameworksBuildPhase section */
		FE3AD7241B0A6ED900F8650E /* Frameworks */ = {
			isa = PBXFrameworksBuildPhase;
			buildActionMask = 2147483647;
			files = (
			);
			runOnlyForDeploymentPostprocessing = 0;
		};
		FE3AD7371B0A6EDA00F8650E /* Frameworks */ = {
			isa = PBXFrameworksBuildPhase;
			buildActionMask = 2147483647;
			files = (
			);
			runOnlyForDeploymentPostprocessing = 0;
		};
		FEF381B41AF2CB7C00782BB2 /* Frameworks */ = {
			isa = PBXFrameworksBuildPhase;
			buildActionMask = 2147483647;
			files = (
			);
			runOnlyForDeploymentPostprocessing = 0;
		};
		FEF381CD1AF2CB7C00782BB2 /* Frameworks */ = {
			isa = PBXFrameworksBuildPhase;
			buildActionMask = 2147483647;
			files = (
			);
			runOnlyForDeploymentPostprocessing = 0;
		};
/* End PBXFrameworksBuildPhase section */

/* Begin PBXGroup section */
		FE3AD7281B0A6ED900F8650E /* CookieCrunch Mac */ = {
			isa = PBXGroup;
			children = (
				FE3AD72B1B0A6ED900F8650E /* AppDelegate.swift */,
				FE3AD72D1B0A6ED900F8650E /* GameScene.swift */,
				FE3AD72F1B0A6ED900F8650E /* GameScene.sks */,
				FE3AD7311B0A6EDA00F8650E /* Images.xcassets */,
				FE3AD7331B0A6EDA00F8650E /* MainMenu.xib */,
				FE3AD7291B0A6ED900F8650E /* Supporting Files */,
			);
			path = "CookieCrunch Mac";
			sourceTree = "<group>";
		};
		FE3AD7291B0A6ED900F8650E /* Supporting Files */ = {
			isa = PBXGroup;
			children = (
				FE3AD72A1B0A6ED900F8650E /* Info.plist */,
			);
			name = "Supporting Files";
			sourceTree = "<group>";
		};
		FE3AD73D1B0A6EDA00F8650E /* CookieCrunch MacTests */ = {
			isa = PBXGroup;
			children = (
				FE3AD7401B0A6EDA00F8650E /* CookieCrunch_MacTests.swift */,
				FE3AD73E1B0A6EDA00F8650E /* Supporting Files */,
			);
			path = "CookieCrunch MacTests";
			sourceTree = "<group>";
		};
		FE3AD73E1B0A6EDA00F8650E /* Supporting Files */ = {
			isa = PBXGroup;
			children = (
				FE3AD73F1B0A6EDA00F8650E /* Info.plist */,
			);
			name = "Supporting Files";
			sourceTree = "<group>";
		};
		FE3AD7481B0A71A100F8650E /* CookieCrunch Shared */ = {
			isa = PBXGroup;
			children = (
				FEF381C01AF2CB7C00782BB2 /* GameScene.swift */,
				FE0280A61AF7D1EC003EB9F3 /* Extensions.swift */,
				FEA549A51AF3D09500137A4B /* Array2D.swift */,
				FEF382081AF2D12800782BB2 /* Cookie.swift */,
				FEEEC6C91AFA5F7A00372229 /* Chain.swift */,
				FEA549A71AF3D44800137A4B /* Level.swift */,
				FE0280A41AF7D0C5003EB9F3 /* Tile.swift */,
				FE0280A81AF803F2003EB9F3 /* Swap.swift */,
				FEA549A31AF3CBE100137A4B /* Images.xcassets */,
				FEF381E01AF2CC7600782BB2 /* Resources */,
			);
			name = "CookieCrunch Shared";
			path = CookieCrunch;
			sourceTree = "<group>";
		};
		FEF381AE1AF2CB7C00782BB2 = {
			isa = PBXGroup;
			children = (
				FEF3820A1AF2D36F00782BB2 /* README.md */,
				FE3AD7481B0A71A100F8650E /* CookieCrunch Shared */,
				FEF381B91AF2CB7C00782BB2 /* CookieCrunch */,
				FEF381D31AF2CB7C00782BB2 /* CookieCrunchTests */,
				FE3AD7281B0A6ED900F8650E /* CookieCrunch Mac */,
				FE3AD73D1B0A6EDA00F8650E /* CookieCrunch MacTests */,
				FEF381B81AF2CB7C00782BB2 /* Products */,
			);
			sourceTree = "<group>";
		};
		FEF381B81AF2CB7C00782BB2 /* Products */ = {
			isa = PBXGroup;
			children = (
				FEF381B71AF2CB7C00782BB2 /* CookieCrunch.app */,
				FEF381D01AF2CB7C00782BB2 /* CookieCrunchTests.xctest */,
				FE3AD7271B0A6ED900F8650E /* CookieCrunch Mac.app */,
				FE3AD73A1B0A6EDA00F8650E /* CookieCrunch MacTests.xctest */,
			);
			name = Products;
			sourceTree = "<group>";
		};
		FEF381B91AF2CB7C00782BB2 /* CookieCrunch */ = {
			isa = PBXGroup;
			children = (
				FEF381BC1AF2CB7C00782BB2 /* AppDelegate.swift */,
				FEF381C21AF2CB7C00782BB2 /* GameViewController.swift */,
				FEF381C41AF2CB7C00782BB2 /* Main.storyboard */,
				FEF381C91AF2CB7C00782BB2 /* LaunchScreen.xib */,
				FEF381BA1AF2CB7C00782BB2 /* Supporting Files */,
			);
			path = CookieCrunch;
			sourceTree = "<group>";
		};
		FEF381BA1AF2CB7C00782BB2 /* Supporting Files */ = {
			isa = PBXGroup;
			children = (
				FEF381BB1AF2CB7C00782BB2 /* Info.plist */,
			);
			name = "Supporting Files";
			sourceTree = "<group>";
		};
		FEF381D31AF2CB7C00782BB2 /* CookieCrunchTests */ = {
			isa = PBXGroup;
			children = (
				FEF381D61AF2CB7C00782BB2 /* CookieCrunchTests.swift */,
				FEF381D41AF2CB7C00782BB2 /* Supporting Files */,
			);
			path = CookieCrunchTests;
			sourceTree = "<group>";
		};
		FEF381D41AF2CB7C00782BB2 /* Supporting Files */ = {
			isa = PBXGroup;
			children = (
				FEF381D51AF2CB7C00782BB2 /* Info.plist */,
			);
			name = "Supporting Files";
			sourceTree = "<group>";
		};
		FEF381E01AF2CC7600782BB2 /* Resources */ = {
			isa = PBXGroup;
			children = (
				FEF381ED1AF2CC7600782BB2 /* Sounds */,
				FEF381E11AF2CC7600782BB2 /* Grid.atlas */,
				FEF381E71AF2CC7600782BB2 /* Levels */,
				FEF381F41AF2CC7600782BB2 /* Sprites.atlas */,
			);
			path = Resources;
			sourceTree = "<group>";
		};
		FEF381E71AF2CC7600782BB2 /* Levels */ = {
			isa = PBXGroup;
			children = (
				FEF381E81AF2CC7600782BB2 /* Level_0.json */,
				FEF381E91AF2CC7600782BB2 /* Level_1.json */,
				FEF381EA1AF2CC7600782BB2 /* Level_2.json */,
				FEF381EB1AF2CC7600782BB2 /* Level_3.json */,
				FEF381EC1AF2CC7600782BB2 /* Level_4.json */,
			);
			path = Levels;
			sourceTree = "<group>";
		};
		FEF381ED1AF2CC7600782BB2 /* Sounds */ = {
			isa = PBXGroup;
			children = (
				FEF381EE1AF2CC7600782BB2 /* Chomp.wav */,
				FEF381EF1AF2CC7600782BB2 /* Drip.wav */,
				FEF381F01AF2CC7600782BB2 /* Error.wav */,
				FEF381F11AF2CC7600782BB2 /* Ka-Ching.wav */,
				FEF381F21AF2CC7600782BB2 /* Mining by Moonlight.mp3 */,
				FEF381F31AF2CC7600782BB2 /* Scrape.wav */,
			);
			path = Sounds;
			sourceTree = "<group>";
		};
/* End PBXGroup section */

/* Begin PBXNativeTarget section */
		FE3AD7261B0A6ED900F8650E /* CookieCrunch Mac */ = {
			isa = PBXNativeTarget;
			buildConfigurationList = FE3AD7461B0A6EDA00F8650E /* Build configuration list for PBXNativeTarget "CookieCrunch Mac" */;
			buildPhases = (
				FE3AD7231B0A6ED900F8650E /* Sources */,
				FE3AD7241B0A6ED900F8650E /* Frameworks */,
				FE3AD7251B0A6ED900F8650E /* Resources */,
			);
			buildRules = (
			);
			dependencies = (
			);
			name = "CookieCrunch Mac";
			productName = "CookieCrunch Mac";
			productReference = FE3AD7271B0A6ED900F8650E /* CookieCrunch Mac.app */;
			productType = "com.apple.product-type.application";
		};
		FE3AD7391B0A6EDA00F8650E /* CookieCrunch MacTests */ = {
			isa = PBXNativeTarget;
			buildConfigurationList = FE3AD7471B0A6EDA00F8650E /* Build configuration list for PBXNativeTarget "CookieCrunch MacTests" */;
			buildPhases = (
				FE3AD7361B0A6EDA00F8650E /* Sources */,
				FE3AD7371B0A6EDA00F8650E /* Frameworks */,
				FE3AD7381B0A6EDA00F8650E /* Resources */,
			);
			buildRules = (
			);
			dependencies = (
				FE3AD73C1B0A6EDA00F8650E /* PBXTargetDependency */,
			);
			name = "CookieCrunch MacTests";
			productName = "CookieCrunch MacTests";
			productReference = FE3AD73A1B0A6EDA00F8650E /* CookieCrunch MacTests.xctest */;
			productType = "com.apple.product-type.bundle.unit-test";
		};
		FEF381B61AF2CB7C00782BB2 /* CookieCrunch */ = {
			isa = PBXNativeTarget;
			buildConfigurationList = FEF381DA1AF2CB7C00782BB2 /* Build configuration list for PBXNativeTarget "CookieCrunch" */;
			buildPhases = (
				FEF381B31AF2CB7C00782BB2 /* Sources */,
				FEF381B41AF2CB7C00782BB2 /* Frameworks */,
				FEF381B51AF2CB7C00782BB2 /* Resources */,
			);
			buildRules = (
			);
			dependencies = (
			);
			name = CookieCrunch;
			productName = CookieCrunch;
			productReference = FEF381B71AF2CB7C00782BB2 /* CookieCrunch.app */;
			productType = "com.apple.product-type.application";
		};
		FEF381CF1AF2CB7C00782BB2 /* CookieCrunchTests */ = {
			isa = PBXNativeTarget;
			buildConfigurationList = FEF381DD1AF2CB7C00782BB2 /* Build configuration list for PBXNativeTarget "CookieCrunchTests" */;
			buildPhases = (
				FEF381CC1AF2CB7C00782BB2 /* Sources */,
				FEF381CD1AF2CB7C00782BB2 /* Frameworks */,
				FEF381CE1AF2CB7C00782BB2 /* Resources */,
			);
			buildRules = (
			);
			dependencies = (
				FEF381D21AF2CB7C00782BB2 /* PBXTargetDependency */,
			);
			name = CookieCrunchTests;
			productName = CookieCrunchTests;
			productReference = FEF381D01AF2CB7C00782BB2 /* CookieCrunchTests.xctest */;
			productType = "com.apple.product-type.bundle.unit-test";
		};
/* End PBXNativeTarget section */

/* Begin PBXProject section */
		FEF381AF1AF2CB7C00782BB2 /* Project object */ = {
			isa = PBXProject;
			attributes = {
				LastUpgradeCheck = 0630;
				ORGANIZATIONNAME = "Daniel Flax";
				TargetAttributes = {
					FE3AD7261B0A6ED900F8650E = {
						CreatedOnToolsVersion = 6.3.1;
					};
					FE3AD7391B0A6EDA00F8650E = {
						CreatedOnToolsVersion = 6.3.1;
						TestTargetID = FE3AD7261B0A6ED900F8650E;
					};
					FEF381B61AF2CB7C00782BB2 = {
						CreatedOnToolsVersion = 6.3.1;
					};
					FEF381CF1AF2CB7C00782BB2 = {
						CreatedOnToolsVersion = 6.3.1;
						TestTargetID = FEF381B61AF2CB7C00782BB2;
					};
				};
			};
			buildConfigurationList = FEF381B21AF2CB7C00782BB2 /* Build configuration list for PBXProject "CookieCrunch" */;
			compatibilityVersion = "Xcode 3.2";
			developmentRegion = English;
			hasScannedForEncodings = 0;
			knownRegions = (
				en,
				Base,
			);
			mainGroup = FEF381AE1AF2CB7C00782BB2;
			productRefGroup = FEF381B81AF2CB7C00782BB2 /* Products */;
			projectDirPath = "";
			projectRoot = "";
			targets = (
				FEF381B61AF2CB7C00782BB2 /* CookieCrunch */,
				FEF381CF1AF2CB7C00782BB2 /* CookieCrunchTests */,
				FE3AD7261B0A6ED900F8650E /* CookieCrunch Mac */,
				FE3AD7391B0A6EDA00F8650E /* CookieCrunch MacTests */,
			);
		};
/* End PBXProject section */

/* Begin PBXResourcesBuildPhase section */
		FE3AD7251B0A6ED900F8650E /* Resources */ = {
			isa = PBXResourcesBuildPhase;
			buildActionMask = 2147483647;
			files = (
				FE3AD7301B0A6ED900F8650E /* GameScene.sks in Resources */,
				FE3AD7321B0A6EDA00F8650E /* Images.xcassets in Resources */,
				FE3AD7351B0A6EDA00F8650E /* MainMenu.xib in Resources */,
			);
			runOnlyForDeploymentPostprocessing = 0;
		};
		FE3AD7381B0A6EDA00F8650E /* Resources */ = {
			isa = PBXResourcesBuildPhase;
			buildActionMask = 2147483647;
			files = (
			);
			runOnlyForDeploymentPostprocessing = 0;
		};
		FEF381B51AF2CB7C00782BB2 /* Resources */ = {
			isa = PBXResourcesBuildPhase;
			buildActionMask = 2147483647;
			files = (
				FEF382041AF2CC7600782BB2 /* Scrape.wav in Resources */,
				FEA549A41AF3CBE100137A4B /* Images.xcassets in Resources */,
				FEF381FC1AF2CC7600782BB2 /* Level_2.json in Resources */,
				FEF382011AF2CC7600782BB2 /* Error.wav in Resources */,
				FEF381FA1AF2CC7600782BB2 /* Level_0.json in Resources */,
				FEF382001AF2CC7600782BB2 /* Drip.wav in Resources */,
				FEF381FE1AF2CC7600782BB2 /* Level_4.json in Resources */,
				FEF382031AF2CC7600782BB2 /* Mining by Moonlight.mp3 in Resources */,
				FEF381FF1AF2CC7600782BB2 /* Chomp.wav in Resources */,
				FEF381CB1AF2CB7C00782BB2 /* LaunchScreen.xib in Resources */,
				FEF381F51AF2CC7600782BB2 /* Grid.atlas in Resources */,
				FEF382051AF2CC7600782BB2 /* Sprites.atlas in Resources */,
				FEF381FB1AF2CC7600782BB2 /* Level_1.json in Resources */,
				FEF382021AF2CC7600782BB2 /* Ka-Ching.wav in Resources */,
				FEF381FD1AF2CC7600782BB2 /* Level_3.json in Resources */,
				FEF381C61AF2CB7C00782BB2 /* Main.storyboard in Resources */,
			);
			runOnlyForDeploymentPostprocessing = 0;
		};
		FEF381CE1AF2CB7C00782BB2 /* Resources */ = {
			isa = PBXResourcesBuildPhase;
			buildActionMask = 2147483647;
			files = (
			);
			runOnlyForDeploymentPostprocessing = 0;
		};
/* End PBXResourcesBuildPhase section */

/* Begin PBXSourcesBuildPhase section */
		FE3AD7231B0A6ED900F8650E /* Sources */ = {
			isa = PBXSourcesBuildPhase;
			buildActionMask = 2147483647;
			files = (
				FE3AD72E1B0A6ED900F8650E /* GameScene.swift in Sources */,
				FE3AD72C1B0A6ED900F8650E /* AppDelegate.swift in Sources */,
			);
			runOnlyForDeploymentPostprocessing = 0;
		};
		FE3AD7361B0A6EDA00F8650E /* Sources */ = {
			isa = PBXSourcesBuildPhase;
			buildActionMask = 2147483647;
			files = (
				FE3AD7411B0A6EDA00F8650E /* CookieCrunch_MacTests.swift in Sources */,
			);
			runOnlyForDeploymentPostprocessing = 0;
		};
		FEF381B31AF2CB7C00782BB2 /* Sources */ = {
			isa = PBXSourcesBuildPhase;
			buildActionMask = 2147483647;
			files = (
				FEA549A81AF3D44800137A4B /* Level.swift in Sources */,
				FEF381C11AF2CB7C00782BB2 /* GameScene.swift in Sources */,
				FEF382091AF2D12800782BB2 /* Cookie.swift in Sources */,
				FE0280A71AF7D1EC003EB9F3 /* Extensions.swift in Sources */,
				FE0280A51AF7D0C5003EB9F3 /* Tile.swift in Sources */,
				FEEEC6CA1AFA5F7A00372229 /* Chain.swift in Sources */,
				FEF381C31AF2CB7C00782BB2 /* GameViewController.swift in Sources */,
				FEF381BD1AF2CB7C00782BB2 /* AppDelegate.swift in Sources */,
				FEA549A61AF3D09500137A4B /* Array2D.swift in Sources */,
				FE0280A91AF803F2003EB9F3 /* Swap.swift in Sources */,
			);
			runOnlyForDeploymentPostprocessing = 0;
		};
		FEF381CC1AF2CB7C00782BB2 /* Sources */ = {
			isa = PBXSourcesBuildPhase;
			buildActionMask = 2147483647;
			files = (
				FEF381D71AF2CB7C00782BB2 /* CookieCrunchTests.swift in Sources */,
			);
			runOnlyForDeploymentPostprocessing = 0;
		};
/* End PBXSourcesBuildPhase section */

/* Begin PBXTargetDependency section */
		FE3AD73C1B0A6EDA00F8650E /* PBXTargetDependency */ = {
			isa = PBXTargetDependency;
			target = FE3AD7261B0A6ED900F8650E /* CookieCrunch Mac */;
			targetProxy = FE3AD73B1B0A6EDA00F8650E /* PBXContainerItemProxy */;
		};
		FEF381D21AF2CB7C00782BB2 /* PBXTargetDependency */ = {
			isa = PBXTargetDependency;
			target = FEF381B61AF2CB7C00782BB2 /* CookieCrunch */;
			targetProxy = FEF381D11AF2CB7C00782BB2 /* PBXContainerItemProxy */;
		};
/* End PBXTargetDependency section */

/* Begin PBXVariantGroup section */
		FE3AD7331B0A6EDA00F8650E /* MainMenu.xib */ = {
			isa = PBXVariantGroup;
			children = (
				FE3AD7341B0A6EDA00F8650E /* Base */,
			);
			name = MainMenu.xib;
			sourceTree = "<group>";
		};
		FEF381C41AF2CB7C00782BB2 /* Main.storyboard */ = {
			isa = PBXVariantGroup;
			children = (
				FEF381C51AF2CB7C00782BB2 /* Base */,
			);
			name = Main.storyboard;
			sourceTree = "<group>";
		};
		FEF381C91AF2CB7C00782BB2 /* LaunchScreen.xib */ = {
			isa = PBXVariantGroup;
			children = (
				FEF381CA1AF2CB7C00782BB2 /* Base */,
			);
			name = LaunchScreen.xib;
			sourceTree = "<group>";
		};
/* End PBXVariantGroup section */

/* Begin XCBuildConfiguration section */
		FE3AD7421B0A6EDA00F8650E /* Debug */ = {
			isa = XCBuildConfiguration;
			buildSettings = {
				ASSETCATALOG_COMPILER_APPICON_NAME = AppIcon;
				CODE_SIGN_IDENTITY = "-";
				COMBINE_HIDPI_IMAGES = YES;
				DEBUG_INFORMATION_FORMAT = dwarf;
				GCC_PREPROCESSOR_DEFINITIONS = (
					"DEBUG=1",
					"$(inherited)",
				);
				INFOPLIST_FILE = "CookieCrunch Mac/Info.plist";
				LD_RUNPATH_SEARCH_PATHS = "$(inherited) @executable_path/../Frameworks";
				MACOSX_DEPLOYMENT_TARGET = 10.10;
				PRODUCT_NAME = "$(TARGET_NAME)";
				SDKROOT = macosx;
			};
			name = Debug;
		};
		FE3AD7431B0A6EDA00F8650E /* Release */ = {
			isa = XCBuildConfiguration;
			buildSettings = {
				ASSETCATALOG_COMPILER_APPICON_NAME = AppIcon;
				CODE_SIGN_IDENTITY = "-";
				COMBINE_HIDPI_IMAGES = YES;
				INFOPLIST_FILE = "CookieCrunch Mac/Info.plist";
				LD_RUNPATH_SEARCH_PATHS = "$(inherited) @executable_path/../Frameworks";
				MACOSX_DEPLOYMENT_TARGET = 10.10;
				PRODUCT_NAME = "$(TARGET_NAME)";
				SDKROOT = macosx;
			};
			name = Release;
		};
		FE3AD7441B0A6EDA00F8650E /* Debug */ = {
			isa = XCBuildConfiguration;
			buildSettings = {
				BUNDLE_LOADER = "$(TEST_HOST)";
				COMBINE_HIDPI_IMAGES = YES;
				DEBUG_INFORMATION_FORMAT = dwarf;
				FRAMEWORK_SEARCH_PATHS = (
					"$(DEVELOPER_FRAMEWORKS_DIR)",
					"$(inherited)",
				);
				GCC_PREPROCESSOR_DEFINITIONS = (
					"DEBUG=1",
					"$(inherited)",
				);
				INFOPLIST_FILE = "CookieCrunch MacTests/Info.plist";
				LD_RUNPATH_SEARCH_PATHS = "$(inherited) @executable_path/../Frameworks @loader_path/../Frameworks";
				MACOSX_DEPLOYMENT_TARGET = 10.10;
				PRODUCT_NAME = "$(TARGET_NAME)";
				SDKROOT = macosx;
				TEST_HOST = "$(BUILT_PRODUCTS_DIR)/CookieCrunch Mac.app/Contents/MacOS/CookieCrunch Mac";
			};
			name = Debug;
		};
		FE3AD7451B0A6EDA00F8650E /* Release */ = {
			isa = XCBuildConfiguration;
			buildSettings = {
				BUNDLE_LOADER = "$(TEST_HOST)";
				COMBINE_HIDPI_IMAGES = YES;
				FRAMEWORK_SEARCH_PATHS = (
					"$(DEVELOPER_FRAMEWORKS_DIR)",
					"$(inherited)",
				);
				INFOPLIST_FILE = "CookieCrunch MacTests/Info.plist";
				LD_RUNPATH_SEARCH_PATHS = "$(inherited) @executable_path/../Frameworks @loader_path/../Frameworks";
				MACOSX_DEPLOYMENT_TARGET = 10.10;
				PRODUCT_NAME = "$(TARGET_NAME)";
				SDKROOT = macosx;
				TEST_HOST = "$(BUILT_PRODUCTS_DIR)/CookieCrunch Mac.app/Contents/MacOS/CookieCrunch Mac";
			};
			name = Release;
		};
		FEF381D81AF2CB7C00782BB2 /* Debug */ = {
			isa = XCBuildConfiguration;
			buildSettings = {
				ALWAYS_SEARCH_USER_PATHS = NO;
				CLANG_CXX_LANGUAGE_STANDARD = "gnu++0x";
				CLANG_CXX_LIBRARY = "libc++";
				CLANG_ENABLE_MODULES = YES;
				CLANG_ENABLE_OBJC_ARC = YES;
				CLANG_WARN_BOOL_CONVERSION = YES;
				CLANG_WARN_CONSTANT_CONVERSION = YES;
				CLANG_WARN_DIRECT_OBJC_ISA_USAGE = YES_ERROR;
				CLANG_WARN_EMPTY_BODY = YES;
				CLANG_WARN_ENUM_CONVERSION = YES;
				CLANG_WARN_INT_CONVERSION = YES;
				CLANG_WARN_OBJC_ROOT_CLASS = YES_ERROR;
				CLANG_WARN_UNREACHABLE_CODE = YES;
				CLANG_WARN__DUPLICATE_METHOD_MATCH = YES;
				"CODE_SIGN_IDENTITY[sdk=iphoneos*]" = "iPhone Developer";
				COPY_PHASE_STRIP = NO;
				DEBUG_INFORMATION_FORMAT = "dwarf-with-dsym";
				ENABLE_STRICT_OBJC_MSGSEND = YES;
				GCC_C_LANGUAGE_STANDARD = gnu99;
				GCC_DYNAMIC_NO_PIC = NO;
				GCC_NO_COMMON_BLOCKS = YES;
				GCC_OPTIMIZATION_LEVEL = 0;
				GCC_PREPROCESSOR_DEFINITIONS = (
					"DEBUG=1",
					"$(inherited)",
				);
				GCC_SYMBOLS_PRIVATE_EXTERN = NO;
				GCC_WARN_64_TO_32_BIT_CONVERSION = YES;
				GCC_WARN_ABOUT_RETURN_TYPE = YES_ERROR;
				GCC_WARN_UNDECLARED_SELECTOR = YES;
				GCC_WARN_UNINITIALIZED_AUTOS = YES_AGGRESSIVE;
				GCC_WARN_UNUSED_FUNCTION = YES;
				GCC_WARN_UNUSED_VARIABLE = YES;
				IPHONEOS_DEPLOYMENT_TARGET = 8.3;
				MTL_ENABLE_DEBUG_INFO = YES;
				ONLY_ACTIVE_ARCH = YES;
				SDKROOT = iphoneos;
				SWIFT_OPTIMIZATION_LEVEL = "-Onone";
				TARGETED_DEVICE_FAMILY = "1,2";
			};
			name = Debug;
		};
		FEF381D91AF2CB7C00782BB2 /* Release */ = {
			isa = XCBuildConfiguration;
			buildSettings = {
				ALWAYS_SEARCH_USER_PATHS = NO;
				CLANG_CXX_LANGUAGE_STANDARD = "gnu++0x";
				CLANG_CXX_LIBRARY = "libc++";
				CLANG_ENABLE_MODULES = YES;
				CLANG_ENABLE_OBJC_ARC = YES;
				CLANG_WARN_BOOL_CONVERSION = YES;
				CLANG_WARN_CONSTANT_CONVERSION = YES;
				CLANG_WARN_DIRECT_OBJC_ISA_USAGE = YES_ERROR;
				CLANG_WARN_EMPTY_BODY = YES;
				CLANG_WARN_ENUM_CONVERSION = YES;
				CLANG_WARN_INT_CONVERSION = YES;
				CLANG_WARN_OBJC_ROOT_CLASS = YES_ERROR;
				CLANG_WARN_UNREACHABLE_CODE = YES;
				CLANG_WARN__DUPLICATE_METHOD_MATCH = YES;
				"CODE_SIGN_IDENTITY[sdk=iphoneos*]" = "iPhone Developer";
				COPY_PHASE_STRIP = NO;
				DEBUG_INFORMATION_FORMAT = "dwarf-with-dsym";
				ENABLE_NS_ASSERTIONS = NO;
				ENABLE_STRICT_OBJC_MSGSEND = YES;
				GCC_C_LANGUAGE_STANDARD = gnu99;
				GCC_NO_COMMON_BLOCKS = YES;
				GCC_WARN_64_TO_32_BIT_CONVERSION = YES;
				GCC_WARN_ABOUT_RETURN_TYPE = YES_ERROR;
				GCC_WARN_UNDECLARED_SELECTOR = YES;
				GCC_WARN_UNINITIALIZED_AUTOS = YES_AGGRESSIVE;
				GCC_WARN_UNUSED_FUNCTION = YES;
				GCC_WARN_UNUSED_VARIABLE = YES;
				IPHONEOS_DEPLOYMENT_TARGET = 8.3;
				MTL_ENABLE_DEBUG_INFO = NO;
				SDKROOT = iphoneos;
				TARGETED_DEVICE_FAMILY = "1,2";
				VALIDATE_PRODUCT = YES;
			};
			name = Release;
		};
		FEF381DB1AF2CB7C00782BB2 /* Debug */ = {
			isa = XCBuildConfiguration;
			buildSettings = {
				ASSETCATALOG_COMPILER_APPICON_NAME = AppIcon;
				INFOPLIST_FILE = CookieCrunch/Info.plist;
				LD_RUNPATH_SEARCH_PATHS = "$(inherited) @executable_path/Frameworks";
				PRODUCT_NAME = "$(TARGET_NAME)";
			};
			name = Debug;
		};
		FEF381DC1AF2CB7C00782BB2 /* Release */ = {
			isa = XCBuildConfiguration;
			buildSettings = {
				ASSETCATALOG_COMPILER_APPICON_NAME = AppIcon;
				INFOPLIST_FILE = CookieCrunch/Info.plist;
				LD_RUNPATH_SEARCH_PATHS = "$(inherited) @executable_path/Frameworks";
				PRODUCT_NAME = "$(TARGET_NAME)";
			};
			name = Release;
		};
		FEF381DE1AF2CB7C00782BB2 /* Debug */ = {
			isa = XCBuildConfiguration;
			buildSettings = {
				BUNDLE_LOADER = "$(TEST_HOST)";
				FRAMEWORK_SEARCH_PATHS = (
					"$(SDKROOT)/Developer/Library/Frameworks",
					"$(inherited)",
				);
				GCC_PREPROCESSOR_DEFINITIONS = (
					"DEBUG=1",
					"$(inherited)",
				);
				INFOPLIST_FILE = CookieCrunchTests/Info.plist;
				LD_RUNPATH_SEARCH_PATHS = "$(inherited) @executable_path/Frameworks @loader_path/Frameworks";
				PRODUCT_NAME = "$(TARGET_NAME)";
				TEST_HOST = "$(BUILT_PRODUCTS_DIR)/CookieCrunch.app/CookieCrunch";
			};
			name = Debug;
		};
		FEF381DF1AF2CB7C00782BB2 /* Release */ = {
			isa = XCBuildConfiguration;
			buildSettings = {
				BUNDLE_LOADER = "$(TEST_HOST)";
				FRAMEWORK_SEARCH_PATHS = (
					"$(SDKROOT)/Developer/Library/Frameworks",
					"$(inherited)",
				);
				INFOPLIST_FILE = CookieCrunchTests/Info.plist;
				LD_RUNPATH_SEARCH_PATHS = "$(inherited) @executable_path/Frameworks @loader_path/Frameworks";
				PRODUCT_NAME = "$(TARGET_NAME)";
				TEST_HOST = "$(BUILT_PRODUCTS_DIR)/CookieCrunch.app/CookieCrunch";
			};
			name = Release;
		};
/* End XCBuildConfiguration section */

/* Begin XCConfigurationList section */
		FE3AD7461B0A6EDA00F8650E /* Build configuration list for PBXNativeTarget "CookieCrunch Mac" */ = {
			isa = XCConfigurationList;
			buildConfigurations = (
				FE3AD7421B0A6EDA00F8650E /* Debug */,
				FE3AD7431B0A6EDA00F8650E /* Release */,
			);
			defaultConfigurationIsVisible = 0;
		};
		FE3AD7471B0A6EDA00F8650E /* Build configuration list for PBXNativeTarget "CookieCrunch MacTests" */ = {
			isa = XCConfigurationList;
			buildConfigurations = (
				FE3AD7441B0A6EDA00F8650E /* Debug */,
				FE3AD7451B0A6EDA00F8650E /* Release */,
			);
			defaultConfigurationIsVisible = 0;
		};
		FEF381B21AF2CB7C00782BB2 /* Build configuration list for PBXProject "CookieCrunch" */ = {
			isa = XCConfigurationList;
			buildConfigurations = (
				FEF381D81AF2CB7C00782BB2 /* Debug */,
				FEF381D91AF2CB7C00782BB2 /* Release */,
			);
			defaultConfigurationIsVisible = 0;
			defaultConfigurationName = Release;
		};
		FEF381DA1AF2CB7C00782BB2 /* Build configuration list for PBXNativeTarget "CookieCrunch" */ = {
			isa = XCConfigurationList;
			buildConfigurations = (
				FEF381DB1AF2CB7C00782BB2 /* Debug */,
				FEF381DC1AF2CB7C00782BB2 /* Release */,
			);
			defaultConfigurationIsVisible = 0;
			defaultConfigurationName = Release;
		};
		FEF381DD1AF2CB7C00782BB2 /* Build configuration list for PBXNativeTarget "CookieCrunchTests" */ = {
			isa = XCConfigurationList;
			buildConfigurations = (
				FEF381DE1AF2CB7C00782BB2 /* Debug */,
				FEF381DF1AF2CB7C00782BB2 /* Release */,
			);
			defaultConfigurationIsVisible = 0;
			defaultConfigurationName = Release;
		};
/* End XCConfigurationList section */
	};
	rootObject = FEF381AF1AF2CB7C00782BB2 /* Project object */;
}
